
Microsoft Visual Studio Solution File, Format Version 12.00
# Visual Studio Version 16
VisualStudioVersion = 16.0.30523.141
MinimumVisualStudioVersion = 10.0.40219.1
Project("{FAE04EC0-301F-11D3-BF4B-00C04F79EFBC}") = "proyectoFinalCursoAPSNet", "proyectoFinalCursoAPSNet.csproj", "{EB92F38C-B96D-45D9-93C5-D561D92C9773}"
EndProject
Global
	GlobalSection(SolutionConfigurationPlatforms) = preSolution
		Debug|Any CPU = Debug|Any CPU
		Release|Any CPU = Release|Any CPU
	EndGlobalSection
	GlobalSection(ProjectConfigurationPlatforms) = postSolution
		{EB92F38C-B96D-45D9-93C5-D561D92C9773}.Debug|Any CPU.ActiveCfg = Debug|Any CPU
		{EB92F38C-B96D-45D9-93C5-D561D92C9773}.Debug|Any CPU.Build.0 = Debug|Any CPU
		{EB92F38C-B96D-45D9-93C5-D561D92C9773}.Release|Any CPU.ActiveCfg = Release|Any CPU
		{EB92F38C-B96D-45D9-93C5-D561D92C9773}.Release|Any CPU.Build.0 = Release|Any CPU
	EndGlobalSection
	GlobalSection(SolutionProperties) = preSolution
		HideSolutionNode = FALSE
	EndGlobalSection
	GlobalSection(ExtensibilityGlobals) = postSolution
		SolutionGuid = {9266DBB6-11D5-43CE-8AC9-479302DD07FF}
	EndGlobalSection
EndGlobal
